{
  "version": 4,
  "terraform_version": "1.2.5",
  "serial": 125,
  "lineage": "106a3ba6-700d-778b-12c4-b3faf5240d9c",
  "outputs": {},
  "resources": [
    {
      "mode": "managed",
      "type": "google_compute_firewall",
      "name": "allow_ssh_firewall",
      "provider": "provider[\"registry.terraform.io/hashicorp/google\"]",
      "instances": [
        {
          "schema_version": 1,
          "attributes": {
            "allow": [
              {
                "ports": [
                  "22"
                ],
                "protocol": "tcp"
              }
            ],
            "creation_timestamp": "2022-07-31T03:38:30.038-07:00",
            "deny": [],
            "description": "",
            "destination_ranges": [],
            "direction": "INGRESS",
            "disabled": false,
            "enable_logging": null,
            "id": "projects/mohamed-abdelrazik-project/global/firewalls/allow-ssh-firewall",
            "log_config": [],
            "name": "allow-ssh-firewall",
            "network": "https://www.googleapis.com/compute/v1/projects/mohamed-abdelrazik-project/global/networks/my-vpc",
            "priority": 1000,
            "project": "mohamed-abdelrazik-project",
            "self_link": "https://www.googleapis.com/compute/v1/projects/mohamed-abdelrazik-project/global/firewalls/allow-ssh-firewall",
            "source_ranges": [
              "0.0.0.0/0"
            ],
            "source_service_accounts": [],
            "source_tags": [],
            "target_service_accounts": [],
            "target_tags": [],
            "timeouts": null
          },
          "sensitive_attributes": [],
          "private": "eyJlMmJmYjczMC1lY2FhLTExZTYtOGY4OC0zNDM2M2JjN2M0YzAiOnsiY3JlYXRlIjoxMjAwMDAwMDAwMDAwLCJkZWxldGUiOjEyMDAwMDAwMDAwMDAsInVwZGF0ZSI6MTIwMDAwMDAwMDAwMH0sInNjaGVtYV92ZXJzaW9uIjoiMSJ9",
          "dependencies": [
            "module.network.google_compute_network.my_vpc",
            "module.network.google_compute_router.network_router",
            "module.network.google_compute_router_nat.nat",
            "module.network.google_compute_subnetwork.private_subnet",
            "module.network.google_compute_subnetwork.public_subnet"
          ]
        }
      ]
    },
    {
      "mode": "managed",
      "type": "google_compute_instance",
      "name": "private_vm_instance",
      "provider": "provider[\"registry.terraform.io/hashicorp/google\"]",
      "instances": [
        {
          "schema_version": 6,
          "attributes": {
            "advanced_machine_features": [],
            "allow_stopping_for_update": true,
            "attached_disk": [],
            "boot_disk": [
              {
                "auto_delete": true,
                "device_name": "persistent-disk-0",
                "disk_encryption_key_raw": "",
                "disk_encryption_key_sha256": "",
                "initialize_params": [
                  {
                    "image": "https://www.googleapis.com/compute/v1/projects/centos-cloud/global/images/centos-7-v20220719",
                    "labels": {},
                    "size": 20,
                    "type": "pd-standard"
                  }
                ],
                "kms_key_self_link": "",
                "mode": "READ_WRITE",
                "source": "https://www.googleapis.com/compute/v1/projects/mohamed-abdelrazik-project/zones/europe-west1-b/disks/private-vm-instance"
              }
            ],
            "can_ip_forward": false,
            "confidential_instance_config": [],
            "cpu_platform": "Intel Broadwell",
            "current_status": "RUNNING",
            "deletion_protection": false,
            "description": "",
            "desired_status": null,
            "enable_display": false,
            "guest_accelerator": [],
            "hostname": "",
            "id": "projects/mohamed-abdelrazik-project/zones/europe-west1-b/instances/private-vm-instance",
            "instance_id": "1971286534850770409",
            "label_fingerprint": "42WmSpB8rSM=",
            "labels": null,
            "machine_type": "e2-micro",
            "metadata": null,
            "metadata_fingerprint": "iaY8fmDeBlc=",
            "metadata_startup_script": "#\n#install python3\n                               \n#install kubectl\nsudo mkdir kube_files\nsudo yum install kubectl -y\n#install gcloud\nsudo yum install google-cloud-sdk-gke-gcloud-auth-plugin -y\ngcloud container clusters get-credentials private-standerd-gke-cluster --zone europe-west1-b\n#install docker\nsudo yum check-update -y\nsudo yum install -y yum-utils device-mapper-persistent-data lvm2 -y\nsudo yum-config-manager --add-repo https://download.docker.com/linux/centos/docker-ce.repo -y\nsudo yum install docker -y\nsudo systemctl start docker \nsudo systemctl enable docker\n#install git\nsudo yum install git -y \n#install open-jdk\nsudo yum install java-11-openjdk-devel -y\nsudo cp -r /root/.config/ /home/m3brazik/\nsudo chown -R m3brazik:m3brazik /home/m3brazik/.config/\nsudo cp -r /root/.kube/ /home/m3brazik/\nsudo chown -R m3brazik:m3brazik /home/m3brazik/.kube/\n",
            "min_cpu_platform": "",
            "name": "private-vm-instance",
            "network_interface": [
              {
                "access_config": [
                  {
                    "nat_ip": "104.155.73.205",
                    "network_tier": "PREMIUM",
                    "public_ptr_domain_name": ""
                  }
                ],
                "alias_ip_range": [],
                "ipv6_access_config": [],
                "ipv6_access_type": "",
                "name": "nic0",
                "network": "https://www.googleapis.com/compute/v1/projects/mohamed-abdelrazik-project/global/networks/my-vpc",
                "network_ip": "10.0.0.8",
                "nic_type": "",
                "queue_count": 0,
                "stack_type": "IPV4_ONLY",
                "subnetwork": "https://www.googleapis.com/compute/v1/projects/mohamed-abdelrazik-project/regions/europe-west1/subnetworks/public-subnet",
                "subnetwork_project": "mohamed-abdelrazik-project"
              }
            ],
            "project": "mohamed-abdelrazik-project",
            "reservation_affinity": [],
            "resource_policies": null,
            "scheduling": [
              {
                "automatic_restart": true,
                "instance_termination_action": "",
                "min_node_cpus": 0,
                "node_affinities": [],
                "on_host_maintenance": "MIGRATE",
                "preemptible": false,
                "provisioning_model": "STANDARD"
              }
            ],
            "scratch_disk": [],
            "self_link": "https://www.googleapis.com/compute/v1/projects/mohamed-abdelrazik-project/zones/europe-west1-b/instances/private-vm-instance",
            "service_account": [
              {
                "email": "instance-service-account@mohamed-abdelrazik-project.iam.gserviceaccount.com",
                "scopes": [
                  "https://www.googleapis.com/auth/cloud-platform"
                ]
              }
            ],
            "shielded_instance_config": [
              {
                "enable_integrity_monitoring": true,
                "enable_secure_boot": false,
                "enable_vtpm": true
              }
            ],
            "tags": null,
            "tags_fingerprint": "42WmSpB8rSM=",
            "timeouts": null,
            "zone": "europe-west1-b"
          },
          "sensitive_attributes": [],
          "private": "eyJlMmJmYjczMC1lY2FhLTExZTYtOGY4OC0zNDM2M2JjN2M0YzAiOnsiY3JlYXRlIjoxMjAwMDAwMDAwMDAwLCJkZWxldGUiOjEyMDAwMDAwMDAwMDAsInVwZGF0ZSI6MTIwMDAwMDAwMDAwMH0sInNjaGVtYV92ZXJzaW9uIjoiNiJ9",
          "dependencies": [
            "google_container_cluster.private-cluster",
            "google_container_node_pool.nodepool",
            "google_service_account.instance_service_account",
            "module.network.google_compute_network.my_vpc",
            "module.network.google_compute_subnetwork.public_subnet"
          ]
        }
      ]
    },
    {
      "mode": "managed",
      "type": "google_container_cluster",
      "name": "private-cluster",
      "provider": "provider[\"registry.terraform.io/hashicorp/google\"]",
      "instances": [
        {
          "schema_version": 1,
          "attributes": {
            "addons_config": [
              {
                "cloudrun_config": [],
                "dns_cache_config": [],
                "gce_persistent_disk_csi_driver_config": [
                  {
                    "enabled": true
                  }
                ],
                "gcp_filestore_csi_driver_config": [],
                "horizontal_pod_autoscaling": [],
                "http_load_balancing": [],
                "network_policy_config": [
                  {
                    "disabled": true
                  }
                ]
              }
            ],
            "authenticator_groups_config": [],
            "binary_authorization": [
              {
                "enabled": false,
                "evaluation_mode": ""
              }
            ],
            "cluster_autoscaling": [
              {
                "auto_provisioning_defaults": [],
                "enabled": false,
                "resource_limits": []
              }
            ],
            "cluster_ipv4_cidr": "10.4.0.0/14",
            "confidential_nodes": [],
            "database_encryption": [
              {
                "key_name": "",
                "state": "DECRYPTED"
              }
            ],
            "datapath_provider": "",
            "default_max_pods_per_node": 110,
            "default_snat_status": [
              {
                "disabled": false
              }
            ],
            "description": "",
            "dns_config": [],
            "enable_autopilot": false,
            "enable_binary_authorization": false,
            "enable_intranode_visibility": false,
            "enable_kubernetes_alpha": false,
            "enable_legacy_abac": false,
            "enable_shielded_nodes": true,
            "enable_tpu": false,
            "endpoint": "172.16.0.2",
            "id": "projects/mohamed-abdelrazik-project/locations/europe-west1-b/clusters/private-standerd-gke-cluster",
            "initial_node_count": 1,
            "ip_allocation_policy": [
              {
                "cluster_ipv4_cidr_block": "10.4.0.0/14",
                "cluster_secondary_range_name": "gke-private-standerd-gke-cluster-pods-038ff519",
                "services_ipv4_cidr_block": "10.3.224.0/20",
                "services_secondary_range_name": "gke-private-standerd-gke-cluster-services-038ff519"
              }
            ],
            "label_fingerprint": "a9dc16a7",
            "location": "europe-west1-b",
            "logging_config": [
              {
                "enable_components": [
                  "SYSTEM_COMPONENTS",
                  "WORKLOADS"
                ]
              }
            ],
            "logging_service": "logging.googleapis.com/kubernetes",
            "maintenance_policy": [],
            "master_auth": [
              {
                "client_certificate": "",
                "client_certificate_config": [
                  {
                    "issue_client_certificate": false
                  }
                ],
                "client_key": "",
                "cluster_ca_certificate": "LS0tLS1CRUdJTiBDRVJUSUZJQ0FURS0tLS0tCk1JSUVMVENDQXBXZ0F3SUJBZ0lSQUkxZEExZ1YxcUJGMVhUdXVmeUNVTHN3RFFZSktvWklodmNOQVFFTEJRQXcKTHpFdE1Dc0dBMVVFQXhNa1l6UXdaRFl4Tm1ZdE1HTXlaaTAwWmpkaExUaGlORGN0WmpJMlpUWmtZMk0xTmpJdwpNQ0FYRFRJeU1EY3pNVEE1TXpnek1Gb1lEekl3TlRJd056SXpNVEF6T0RNd1dqQXZNUzB3S3dZRFZRUURFeVJqCk5EQmtOakUyWmkwd1l6Sm1MVFJtTjJFdE9HSTBOeTFtTWpabE5tUmpZelUyTWpBd2dnR2lNQTBHQ1NxR1NJYjMKRFFFQkFRVUFBNElCandBd2dnR0tBb0lCZ1FEZGw2TzVwYk8rVVc5Wm9LSWdPTGZkZmtvTWpWOXJqTTgyM0lLNgp6d0VVK1IzM0Nwbmc0MCtqT3U1dUluUzU0Y2J4bk5UdStOTkZPWDRqR2FwU2VrRldGZTNaWit3SXdpdFh0SUR6ClFpOEhVaTdpcXJQeW1vekJMSThteHY0Z2w2bVk2dFo3bjNXLzh1akxoRGlYMWllYlRsQzY1RWliWkI4WkF0TTMKYWxwanV3VG1LMCtvcHNDYTRPY2hGdDIweW5YNHlKQVNGSVVsSGNxOXFYanpUbEtOZFpEeXliTWFpMjV4MXBVawp0MCtTeUxTNmF0Vldqa2hhcmltR1hueUtiNHRQNkF5N0tXeVMvNWFEM1Fjd2NWVDZzMmF5SnRxSC93RVFjTlBTClpnTFJ1Q1RhN29WZEM1N2RjMi9IdldHRmhtVGdIbUhKMlNVZHNnNWlBRWFIWGlnRUF6R0RzWll1WlR5dmI5VUUKZlRvRnRGNUEySXd5S3BpaGdvZ0ZzcThESXNrUVpnN1ExcGJ5SzRJRElzb3ZPL21XekJrTDVMT1ZEQk1oNlEzZApuUWdFVEFuS1NCeExYTTRjRWRuaUFQTlFpSXZyY3dXaGp2TnJXVjBoVzM5MkVvR1kwZ2xNc2E0OE1KakNIekp0CldXNXBSVGQyNFdWZS9KaGhxTHhVTENPckttRUNBd0VBQWFOQ01FQXdEZ1lEVlIwUEFRSC9CQVFEQWdJRU1BOEcKQTFVZEV3RUIvd1FGTUFNQkFmOHdIUVlEVlIwT0JCWUVGTFBSWUh1cG1IdkhrUk5TdVhBdVF5ZmpOM210TUEwRwpDU3FHU0liM0RRRUJDd1VBQTRJQmdRQ0d3L2VSOEFsQ2VCM1hMTHd2Rkp2a2o3MTMvNnowdmtwbXNhRWVpYnRtCkpkVHJscWd5MDN4Q1NqSlNOSmtiaGpYTmNtZjhYZnBydFZEQW1odklFNG1YOWF5RVAyeXRBekFqOUROTkVXK0cKNTFUL1A1UnhSZ0JnSTFZZUNrbWg3YlluRU5BLzdhd0N5K3U0L3JnNUo0SlczZVVDYkd3ZjBya2d1U0pmL2htcQpwQWgrUHpXVkJmcXg5TzBWbjVVNFUzTDFvaSt2Ykh1K2tBSVdvUm1uNHY2QWI0TVZJUHNGa3ZHajQrdHUvNXJQCmk3VkY5YWhMbmgwZE5aWTJpbkVqMXFBR09XK0Y0QlFoRHdodnZOc3J2ZEVacllLblBSNkk3eDFIaDFYcW0vSWEKckxiNVRxL09OS0IyY1lEWTAwcWtWUmRPQ09HdlJyOEJEWlFJR3ZTNFJBMGx0QjVnQkZrL3RYVzhhV2ZJRTdZdgo4WWV4ZS9Nd0VpS0FCV2ZDRU5aQ2hGODBUdUwwOG5WMjZrNmJsaVhkS0s0OXRwcU1OY3kvRWt5d2k0SXkrNHAxCktralZ5cFE4WHhSTGNvQU5MZkVxdFhvOUluanNjc0FGK3ArTytHak1oTWxzWGhEcTVyVnhvVDRscjg1UG0wVjQKZlA2dFNiZ1FwUXJVNkFOb2FkWVpnNG89Ci0tLS0tRU5EIENFUlRJRklDQVRFLS0tLS0K"
              }
            ],
            "master_authorized_networks_config": [
              {
                "cidr_blocks": [
                  {
                    "cidr_block": "10.0.0.0/24",
                    "display_name": "managment-cidr-range"
                  }
                ]
              }
            ],
            "master_version": "1.22.10-gke.600",
            "min_master_version": null,
            "monitoring_config": [
              {
                "enable_components": [
                  "SYSTEM_COMPONENTS"
                ]
              }
            ],
            "monitoring_service": "monitoring.googleapis.com/kubernetes",
            "name": "private-standerd-gke-cluster",
            "network": "projects/mohamed-abdelrazik-project/global/networks/my-vpc",
            "network_policy": [
              {
                "enabled": false,
                "provider": "PROVIDER_UNSPECIFIED"
              }
            ],
            "networking_mode": "VPC_NATIVE",
            "node_config": [
              {
                "boot_disk_kms_key": "",
                "disk_size_gb": 100,
                "disk_type": "pd-standard",
                "gcfs_config": [],
                "guest_accelerator": [],
                "gvnic": [],
                "image_type": "COS_CONTAINERD",
                "labels": {},
                "local_ssd_count": 0,
                "machine_type": "e2-medium",
                "metadata": {
                  "disable-legacy-endpoints": "true"
                },
                "min_cpu_platform": "",
                "node_group": "",
                "oauth_scopes": [
                  "https://www.googleapis.com/auth/cloud-platform"
                ],
                "preemptible": true,
                "service_account": "gke-cluster-service-account@mohamed-abdelrazik-project.iam.gserviceaccount.com",
                "shielded_instance_config": [
                  {
                    "enable_integrity_monitoring": true,
                    "enable_secure_boot": false
                  }
                ],
                "spot": false,
                "tags": [],
                "taint": [],
                "workload_metadata_config": []
              }
            ],
            "node_locations": [
              "europe-west1-c"
            ],
            "node_pool": [
              {
                "autoscaling": [],
                "initial_node_count": 1,
                "instance_group_urls": [
                  "https://www.googleapis.com/compute/v1/projects/mohamed-abdelrazik-project/zones/europe-west1-b/instanceGroupManagers/gke-private-standerd-gke-cl-node-pool-9d482935-grp",
                  "https://www.googleapis.com/compute/v1/projects/mohamed-abdelrazik-project/zones/europe-west1-c/instanceGroupManagers/gke-private-standerd-gke-cl-node-pool-3e1e9b18-grp"
                ],
                "managed_instance_group_urls": [
                  "https://www.googleapis.com/compute/v1/projects/mohamed-abdelrazik-project/zones/europe-west1-b/instanceGroups/gke-private-standerd-gke-cl-node-pool-9d482935-grp",
                  "https://www.googleapis.com/compute/v1/projects/mohamed-abdelrazik-project/zones/europe-west1-c/instanceGroups/gke-private-standerd-gke-cl-node-pool-3e1e9b18-grp"
                ],
                "management": [
                  {
                    "auto_repair": true,
                    "auto_upgrade": true
                  }
                ],
                "max_pods_per_node": 110,
                "name": "node-pool",
                "name_prefix": "",
                "node_config": [
                  {
                    "boot_disk_kms_key": "",
                    "disk_size_gb": 100,
                    "disk_type": "pd-standard",
                    "gcfs_config": [],
                    "guest_accelerator": [],
                    "gvnic": [],
                    "image_type": "COS_CONTAINERD",
                    "labels": {},
                    "local_ssd_count": 0,
                    "machine_type": "e2-medium",
                    "metadata": {
                      "disable-legacy-endpoints": "true"
                    },
                    "min_cpu_platform": "",
                    "node_group": "",
                    "oauth_scopes": [
                      "https://www.googleapis.com/auth/cloud-platform"
                    ],
                    "preemptible": true,
                    "service_account": "gke-cluster-service-account@mohamed-abdelrazik-project.iam.gserviceaccount.com",
                    "shielded_instance_config": [
                      {
                        "enable_integrity_monitoring": true,
                        "enable_secure_boot": false
                      }
                    ],
                    "spot": false,
                    "tags": [],
                    "taint": [],
                    "workload_metadata_config": []
                  }
                ],
                "node_count": 1,
                "node_locations": [
                  "europe-west1-b",
                  "europe-west1-c"
                ],
                "upgrade_settings": [
                  {
                    "max_surge": 1,
                    "max_unavailable": 0
                  }
                ],
                "version": "1.22.10-gke.600"
              }
            ],
            "node_version": "1.22.10-gke.600",
            "notification_config": [
              {
                "pubsub": [
                  {
                    "enabled": false,
                    "topic": ""
                  }
                ]
              }
            ],
            "operation": null,
            "private_cluster_config": [
              {
                "enable_private_endpoint": true,
                "enable_private_nodes": true,
                "master_global_access_config": [
                  {
                    "enabled": false
                  }
                ],
                "master_ipv4_cidr_block": "172.16.0.0/28",
                "peering_name": "gke-ncd33f0c8d31ed3d2c5d-0bb1-63b0-peer",
                "private_endpoint": "172.16.0.2",
                "public_endpoint": "35.240.93.162"
              }
            ],
            "private_ipv6_google_access": "",
            "project": "mohamed-abdelrazik-project",
            "release_channel": [
              {
                "channel": "REGULAR"
              }
            ],
            "remove_default_node_pool": true,
            "resource_labels": {},
            "resource_usage_export_config": [],
            "self_link": "https://container.googleapis.com/v1/projects/mohamed-abdelrazik-project/zones/europe-west1-b/clusters/private-standerd-gke-cluster",
            "services_ipv4_cidr": "10.3.224.0/20",
            "subnetwork": "projects/mohamed-abdelrazik-project/regions/europe-west1/subnetworks/private-subnet",
            "timeouts": null,
            "tpu_ipv4_cidr_block": "",
            "vertical_pod_autoscaling": [],
            "workload_identity_config": []
          },
          "sensitive_attributes": [],
          "private": "eyJlMmJmYjczMC1lY2FhLTExZTYtOGY4OC0zNDM2M2JjN2M0YzAiOnsiY3JlYXRlIjoyNDAwMDAwMDAwMDAwLCJkZWxldGUiOjI0MDAwMDAwMDAwMDAsInJlYWQiOjI0MDAwMDAwMDAwMDAsInVwZGF0ZSI6MzYwMDAwMDAwMDAwMH0sInNjaGVtYV92ZXJzaW9uIjoiMSJ9",
          "dependencies": [
            "module.network.google_compute_network.my_vpc",
            "module.network.google_compute_router.network_router",
            "module.network.google_compute_router_nat.nat",
            "module.network.google_compute_subnetwork.private_subnet",
            "module.network.google_compute_subnetwork.public_subnet"
          ]
        }
      ]
    },
    {
      "mode": "managed",
      "type": "google_container_node_pool",
      "name": "nodepool",
      "provider": "provider[\"registry.terraform.io/hashicorp/google\"]",
      "instances": [
        {
          "schema_version": 1,
          "attributes": {
            "autoscaling": [],
            "cluster": "projects/mohamed-abdelrazik-project/locations/europe-west1-b/clusters/private-standerd-gke-cluster",
            "id": "projects/mohamed-abdelrazik-project/locations/europe-west1-b/clusters/private-standerd-gke-cluster/nodePools/node-pool",
            "initial_node_count": 1,
            "instance_group_urls": [
              "https://www.googleapis.com/compute/v1/projects/mohamed-abdelrazik-project/zones/europe-west1-b/instanceGroupManagers/gke-private-standerd-gke-cl-node-pool-9d482935-grp",
              "https://www.googleapis.com/compute/v1/projects/mohamed-abdelrazik-project/zones/europe-west1-c/instanceGroupManagers/gke-private-standerd-gke-cl-node-pool-3e1e9b18-grp"
            ],
            "location": "europe-west1-b",
            "managed_instance_group_urls": [
              "https://www.googleapis.com/compute/v1/projects/mohamed-abdelrazik-project/zones/europe-west1-b/instanceGroups/gke-private-standerd-gke-cl-node-pool-9d482935-grp",
              "https://www.googleapis.com/compute/v1/projects/mohamed-abdelrazik-project/zones/europe-west1-c/instanceGroups/gke-private-standerd-gke-cl-node-pool-3e1e9b18-grp"
            ],
            "management": [
              {
                "auto_repair": true,
                "auto_upgrade": true
              }
            ],
            "max_pods_per_node": 110,
            "name": "node-pool",
            "name_prefix": "",
            "node_config": [
              {
                "boot_disk_kms_key": "",
                "disk_size_gb": 100,
                "disk_type": "pd-standard",
                "gcfs_config": [],
                "guest_accelerator": [],
                "gvnic": [],
                "image_type": "COS_CONTAINERD",
                "labels": {},
                "local_ssd_count": 0,
                "machine_type": "e2-medium",
                "metadata": {
                  "disable-legacy-endpoints": "true"
                },
                "min_cpu_platform": "",
                "node_group": "",
                "oauth_scopes": [
                  "https://www.googleapis.com/auth/cloud-platform"
                ],
                "preemptible": true,
                "service_account": "gke-cluster-service-account@mohamed-abdelrazik-project.iam.gserviceaccount.com",
                "shielded_instance_config": [
                  {
                    "enable_integrity_monitoring": true,
                    "enable_secure_boot": false
                  }
                ],
                "spot": false,
                "tags": [],
                "taint": [],
                "workload_metadata_config": []
              }
            ],
            "node_count": 1,
            "node_locations": [
              "europe-west1-b",
              "europe-west1-c"
            ],
            "operation": null,
            "project": "mohamed-abdelrazik-project",
            "timeouts": null,
            "upgrade_settings": [
              {
                "max_surge": 1,
                "max_unavailable": 0
              }
            ],
            "version": "1.22.10-gke.600"
          },
          "sensitive_attributes": [],
          "private": "eyJlMmJmYjczMC1lY2FhLTExZTYtOGY4OC0zNDM2M2JjN2M0YzAiOnsiY3JlYXRlIjoxODAwMDAwMDAwMDAwLCJkZWxldGUiOjE4MDAwMDAwMDAwMDAsInVwZGF0ZSI6MTgwMDAwMDAwMDAwMH0sInNjaGVtYV92ZXJzaW9uIjoiMSJ9",
          "dependencies": [
            "google_container_cluster.private-cluster",
            "google_service_account.gke_cluster_service_account",
            "module.network.google_compute_network.my_vpc",
            "module.network.google_compute_router.network_router",
            "module.network.google_compute_router_nat.nat",
            "module.network.google_compute_subnetwork.private_subnet",
            "module.network.google_compute_subnetwork.public_subnet"
          ]
        }
      ]
    },
    {
      "mode": "managed",
      "type": "google_project_iam_binding",
      "name": "gke_service_account_iam_role",
      "provider": "provider[\"registry.terraform.io/hashicorp/google\"]",
      "instances": [
        {
          "schema_version": 0,
          "attributes": {
            "condition": [],
            "etag": "BwXlF3dwX4w=",
            "id": "mohamed-abdelrazik-project/roles/storage.admin",
            "members": [
              "serviceAccount:gke-cluster-service-account@mohamed-abdelrazik-project.iam.gserviceaccount.com"
            ],
            "project": "mohamed-abdelrazik-project",
            "role": "roles/storage.admin"
          },
          "sensitive_attributes": [],
          "private": "bnVsbA==",
          "dependencies": [
            "google_service_account.gke_cluster_service_account"
          ]
        }
      ]
    },
    {
      "mode": "managed",
      "type": "google_project_iam_binding",
      "name": "instance_service_account_iam_role",
      "provider": "provider[\"registry.terraform.io/hashicorp/google\"]",
      "instances": [
        {
          "schema_version": 0,
          "attributes": {
            "condition": [],
            "etag": "BwXlF3dwX4w=",
            "id": "mohamed-abdelrazik-project/roles/container.admin",
            "members": [
              "serviceAccount:instance-service-account@mohamed-abdelrazik-project.iam.gserviceaccount.com"
            ],
            "project": "mohamed-abdelrazik-project",
            "role": "roles/container.admin"
          },
          "sensitive_attributes": [],
          "private": "bnVsbA==",
          "dependencies": [
            "google_service_account.instance_service_account"
          ]
        }
      ]
    },
    {
      "mode": "managed",
      "type": "google_service_account",
      "name": "gke_cluster_service_account",
      "provider": "provider[\"registry.terraform.io/hashicorp/google\"]",
      "instances": [
        {
          "schema_version": 0,
          "attributes": {
            "account_id": "gke-cluster-service-account",
            "description": "",
            "disabled": false,
            "display_name": "",
            "email": "gke-cluster-service-account@mohamed-abdelrazik-project.iam.gserviceaccount.com",
            "id": "projects/mohamed-abdelrazik-project/serviceAccounts/gke-cluster-service-account@mohamed-abdelrazik-project.iam.gserviceaccount.com",
            "name": "projects/mohamed-abdelrazik-project/serviceAccounts/gke-cluster-service-account@mohamed-abdelrazik-project.iam.gserviceaccount.com",
            "project": "mohamed-abdelrazik-project",
            "timeouts": null,
            "unique_id": "107600940128147698579"
          },
          "sensitive_attributes": [],
          "private": "eyJlMmJmYjczMC1lY2FhLTExZTYtOGY4OC0zNDM2M2JjN2M0YzAiOnsiY3JlYXRlIjozMDAwMDAwMDAwMDB9fQ=="
        }
      ]
    },
    {
      "mode": "managed",
      "type": "google_service_account",
      "name": "instance_service_account",
      "provider": "provider[\"registry.terraform.io/hashicorp/google\"]",
      "instances": [
        {
          "schema_version": 0,
          "attributes": {
            "account_id": "instance-service-account",
            "description": "",
            "disabled": false,
            "display_name": "",
            "email": "instance-service-account@mohamed-abdelrazik-project.iam.gserviceaccount.com",
            "id": "projects/mohamed-abdelrazik-project/serviceAccounts/instance-service-account@mohamed-abdelrazik-project.iam.gserviceaccount.com",
            "name": "projects/mohamed-abdelrazik-project/serviceAccounts/instance-service-account@mohamed-abdelrazik-project.iam.gserviceaccount.com",
            "project": "mohamed-abdelrazik-project",
            "timeouts": null,
            "unique_id": "115163735504436712456"
          },
          "sensitive_attributes": [],
          "private": "eyJlMmJmYjczMC1lY2FhLTExZTYtOGY4OC0zNDM2M2JjN2M0YzAiOnsiY3JlYXRlIjozMDAwMDAwMDAwMDB9fQ=="
        }
      ]
    },
    {
      "module": "module.network",
      "mode": "managed",
      "type": "google_compute_network",
      "name": "my_vpc",
      "provider": "provider[\"registry.terraform.io/hashicorp/google\"]",
      "instances": [
        {
          "schema_version": 0,
          "attributes": {
            "auto_create_subnetworks": false,
            "delete_default_routes_on_create": false,
            "description": "",
            "enable_ula_internal_ipv6": false,
            "gateway_ipv4": "",
            "id": "projects/mohamed-abdelrazik-project/global/networks/my-vpc",
            "internal_ipv6_range": "",
            "mtu": 1460,
            "name": "my-vpc",
            "project": "mohamed-abdelrazik-project",
            "routing_mode": "REGIONAL",
            "self_link": "https://www.googleapis.com/compute/v1/projects/mohamed-abdelrazik-project/global/networks/my-vpc",
            "timeouts": null
          },
          "sensitive_attributes": [],
          "private": "eyJlMmJmYjczMC1lY2FhLTExZTYtOGY4OC0zNDM2M2JjN2M0YzAiOnsiY3JlYXRlIjoxMjAwMDAwMDAwMDAwLCJkZWxldGUiOjEyMDAwMDAwMDAwMDAsInVwZGF0ZSI6MTIwMDAwMDAwMDAwMH19"
        }
      ]
    },
    {
      "module": "module.network",
      "mode": "managed",
      "type": "google_compute_router",
      "name": "network_router",
      "provider": "provider[\"registry.terraform.io/hashicorp/google\"]",
      "instances": [
        {
          "schema_version": 0,
          "attributes": {
            "bgp": [],
            "creation_timestamp": "2022-07-31T03:37:55.003-07:00",
            "description": "",
            "encrypted_interconnect_router": false,
            "id": "projects/mohamed-abdelrazik-project/regions/europe-west1/routers/my-router",
            "name": "my-router",
            "network": "https://www.googleapis.com/compute/v1/projects/mohamed-abdelrazik-project/global/networks/my-vpc",
            "project": "mohamed-abdelrazik-project",
            "region": "europe-west1",
            "self_link": "https://www.googleapis.com/compute/v1/projects/mohamed-abdelrazik-project/regions/europe-west1/routers/my-router",
            "timeouts": null
          },
          "sensitive_attributes": [],
          "private": "eyJlMmJmYjczMC1lY2FhLTExZTYtOGY4OC0zNDM2M2JjN2M0YzAiOnsiY3JlYXRlIjoxMjAwMDAwMDAwMDAwLCJkZWxldGUiOjEyMDAwMDAwMDAwMDAsInVwZGF0ZSI6MTIwMDAwMDAwMDAwMH19",
          "dependencies": [
            "module.network.google_compute_network.my_vpc",
            "module.network.google_compute_subnetwork.public_subnet"
          ]
        }
      ]
    },
    {
      "module": "module.network",
      "mode": "managed",
      "type": "google_compute_router_nat",
      "name": "nat",
      "provider": "provider[\"registry.terraform.io/hashicorp/google\"]",
      "instances": [
        {
          "schema_version": 0,
          "attributes": {
            "drain_nat_ips": [],
            "enable_dynamic_port_allocation": false,
            "enable_endpoint_independent_mapping": true,
            "icmp_idle_timeout_sec": 30,
            "id": "mohamed-abdelrazik-project/europe-west1/my-router/my-router-nat",
            "log_config": [],
            "max_ports_per_vm": 0,
            "min_ports_per_vm": 0,
            "name": "my-router-nat",
            "nat_ip_allocate_option": "AUTO_ONLY",
            "nat_ips": [],
            "project": "mohamed-abdelrazik-project",
            "region": "europe-west1",
            "router": "my-router",
            "source_subnetwork_ip_ranges_to_nat": "LIST_OF_SUBNETWORKS",
            "subnetwork": [
              {
                "name": "https://www.googleapis.com/compute/v1/projects/mohamed-abdelrazik-project/regions/europe-west1/subnetworks/private-subnet",
                "secondary_ip_range_names": [],
                "source_ip_ranges_to_nat": [
                  "ALL_IP_RANGES"
                ]
              },
              {
                "name": "https://www.googleapis.com/compute/v1/projects/mohamed-abdelrazik-project/regions/europe-west1/subnetworks/public-subnet",
                "secondary_ip_range_names": [],
                "source_ip_ranges_to_nat": [
                  "ALL_IP_RANGES"
                ]
              }
            ],
            "tcp_established_idle_timeout_sec": 1200,
            "tcp_transitory_idle_timeout_sec": 30,
            "timeouts": null,
            "udp_idle_timeout_sec": 30
          },
          "sensitive_attributes": [],
          "private": "eyJlMmJmYjczMC1lY2FhLTExZTYtOGY4OC0zNDM2M2JjN2M0YzAiOnsiY3JlYXRlIjoxMjAwMDAwMDAwMDAwLCJkZWxldGUiOjEyMDAwMDAwMDAwMDAsInVwZGF0ZSI6MTIwMDAwMDAwMDAwMH19",
          "dependencies": [
            "module.network.google_compute_network.my_vpc",
            "module.network.google_compute_router.network_router",
            "module.network.google_compute_subnetwork.private_subnet",
            "module.network.google_compute_subnetwork.public_subnet"
          ]
        }
      ]
    },
    {
      "module": "module.network",
      "mode": "managed",
      "type": "google_compute_subnetwork",
      "name": "private_subnet",
      "provider": "provider[\"registry.terraform.io/hashicorp/google\"]",
      "instances": [
        {
          "schema_version": 0,
          "attributes": {
            "creation_timestamp": "2022-07-31T03:37:32.008-07:00",
            "description": "",
            "external_ipv6_prefix": "",
            "fingerprint": null,
            "gateway_address": "10.0.1.1",
            "id": "projects/mohamed-abdelrazik-project/regions/europe-west1/subnetworks/private-subnet",
            "ip_cidr_range": "10.0.1.0/24",
            "ipv6_access_type": "",
            "ipv6_cidr_range": "",
            "log_config": [],
            "name": "private-subnet",
            "network": "https://www.googleapis.com/compute/v1/projects/mohamed-abdelrazik-project/global/networks/my-vpc",
            "private_ip_google_access": true,
            "private_ipv6_google_access": "DISABLE_GOOGLE_ACCESS",
            "project": "mohamed-abdelrazik-project",
            "purpose": "PRIVATE",
            "region": "europe-west1",
            "role": "",
            "secondary_ip_range": [
              {
                "ip_cidr_range": "10.3.224.0/20",
                "range_name": "gke-private-standerd-gke-cluster-services-038ff519"
              },
              {
                "ip_cidr_range": "10.4.0.0/14",
                "range_name": "gke-private-standerd-gke-cluster-pods-038ff519"
              }
            ],
            "self_link": "https://www.googleapis.com/compute/v1/projects/mohamed-abdelrazik-project/regions/europe-west1/subnetworks/private-subnet",
            "stack_type": "IPV4_ONLY",
            "timeouts": null
          },
          "sensitive_attributes": [],
          "private": "eyJlMmJmYjczMC1lY2FhLTExZTYtOGY4OC0zNDM2M2JjN2M0YzAiOnsiY3JlYXRlIjoxMjAwMDAwMDAwMDAwLCJkZWxldGUiOjEyMDAwMDAwMDAwMDAsInVwZGF0ZSI6MTIwMDAwMDAwMDAwMH19",
          "dependencies": [
            "module.network.google_compute_network.my_vpc"
          ]
        }
      ]
    },
    {
      "module": "module.network",
      "mode": "managed",
      "type": "google_compute_subnetwork",
      "name": "public_subnet",
      "provider": "provider[\"registry.terraform.io/hashicorp/google\"]",
      "instances": [
        {
          "schema_version": 0,
          "attributes": {
            "creation_timestamp": "2022-07-31T03:37:32.380-07:00",
            "description": "",
            "external_ipv6_prefix": "",
            "fingerprint": null,
            "gateway_address": "10.0.0.1",
            "id": "projects/mohamed-abdelrazik-project/regions/europe-west1/subnetworks/public-subnet",
            "ip_cidr_range": "10.0.0.0/24",
            "ipv6_access_type": "",
            "ipv6_cidr_range": "",
            "log_config": [],
            "name": "public-subnet",
            "network": "https://www.googleapis.com/compute/v1/projects/mohamed-abdelrazik-project/global/networks/my-vpc",
            "private_ip_google_access": true,
            "private_ipv6_google_access": "DISABLE_GOOGLE_ACCESS",
            "project": "mohamed-abdelrazik-project",
            "purpose": "PRIVATE",
            "region": "europe-west1",
            "role": "",
            "secondary_ip_range": [],
            "self_link": "https://www.googleapis.com/compute/v1/projects/mohamed-abdelrazik-project/regions/europe-west1/subnetworks/public-subnet",
            "stack_type": "IPV4_ONLY",
            "timeouts": null
          },
          "sensitive_attributes": [],
          "private": "eyJlMmJmYjczMC1lY2FhLTExZTYtOGY4OC0zNDM2M2JjN2M0YzAiOnsiY3JlYXRlIjoxMjAwMDAwMDAwMDAwLCJkZWxldGUiOjEyMDAwMDAwMDAwMDAsInVwZGF0ZSI6MTIwMDAwMDAwMDAwMH19",
          "dependencies": [
            "module.network.google_compute_network.my_vpc"
          ]
        }
      ]
    }
  ]
}
